
Microsoft Visual Studio Solution File, Format Version 12.00
# Visual Studio Version 17
VisualStudioVersion = 17.0.33502.349
MinimumVisualStudioVersion = 10.0.40219.1
Project("{FAE04EC0-301F-11D3-BF4B-00C04F79EFBC}") = "WebAPIAssignment1", "WebAPIAssignment1.csproj", "{A1D7C3FF-5237-4428-8AB1-E1E653AEB945}"
EndProject
Global
	GlobalSection(SolutionConfigurationPlatforms) = preSolution
		Debug|Any CPU = Debug|Any CPU
		Release|Any CPU = Release|Any CPU
	EndGlobalSection
	GlobalSection(ProjectConfigurationPlatforms) = postSolution
		{A1D7C3FF-5237-4428-8AB1-E1E653AEB945}.Debug|Any CPU.ActiveCfg = Debug|Any CPU
		{A1D7C3FF-5237-4428-8AB1-E1E653AEB945}.Debug|Any CPU.Build.0 = Debug|Any CPU
		{A1D7C3FF-5237-4428-8AB1-E1E653AEB945}.Release|Any CPU.ActiveCfg = Release|Any CPU
		{A1D7C3FF-5237-4428-8AB1-E1E653AEB945}.Release|Any CPU.Build.0 = Release|Any CPU
	EndGlobalSection
	GlobalSection(SolutionProperties) = preSolution
		HideSolutionNode = FALSE
	EndGlobalSection
	GlobalSection(ExtensibilityGlobals) = postSolution
		SolutionGuid = {6E8DF77C-997B-49EE-8AB0-AE34441A7CC7}
	EndGlobalSection
EndGlobal
